// !$*UTF8*$!
{
	archiveVersion = 1;
	classes = {
	};
	objectVersion = 46;
	objects = {

/* Begin PBXBuildFile section */
		030E25DD1BEC5F7100059FBC /* main.m in Sources */ = {isa = PBXBuildFile; fileRef = 030E25DC1BEC5F7100059FBC /* main.m */; };
		030E25E01BEC5F7100059FBC /* AppDelegate.m in Sources */ = {isa = PBXBuildFile; fileRef = 030E25DF1BEC5F7100059FBC /* AppDelegate.m */; };
		030E25E21BEC5F7100059FBC /* Assets.xcassets in Resources */ = {isa = PBXBuildFile; fileRef = 030E25E11BEC5F7100059FBC /* Assets.xcassets */; };
		030E25E51BEC5F7100059FBC /* LaunchScreen.storyboard in Resources */ = {isa = PBXBuildFile; fileRef = 030E25E31BEC5F7100059FBC /* LaunchScreen.storyboard */; };
		030E25F41BEC609800059FBC /* ChatViewController.m in Sources */ = {isa = PBXBuildFile; fileRef = 030E25F31BEC609800059FBC /* ChatViewController.m */; };
		030E25F71BEC60BB00059FBC /* ChatTableView.m in Sources */ = {isa = PBXBuildFile; fileRef = 030E25F61BEC60BB00059FBC /* ChatTableView.m */; };
		030E25FA1BEC669300059FBC /* CihiBottomView.m in Sources */ = {isa = PBXBuildFile; fileRef = 030E25F91BEC669300059FBC /* CihiBottomView.m */; };
		030E25FD1BEC699800059FBC /* chatimg.xcassets in Resources */ = {isa = PBXBuildFile; fileRef = 030E25FC1BEC699800059FBC /* chatimg.xcassets */; };
		0351F5671BECAD2900F7E968 /* CihiTextView.m in Sources */ = {isa = PBXBuildFile; fileRef = 0351F5661BECAD2900F7E968 /* CihiTextView.m */; };
/* End PBXBuildFile section */

/* Begin PBXFileReference section */
		030E25D81BEC5F7100059FBC /* ChatTest.app */ = {isa = PBXFileReference; explicitFileType = wrapper.application; includeInIndex = 0; path = ChatTest.app; sourceTree = BUILT_PRODUCTS_DIR; };
		030E25DC1BEC5F7100059FBC /* main.m */ = {isa = PBXFileReference; lastKnownFileType = sourcecode.c.objc; path = main.m; sourceTree = "<group>"; };
		030E25DE1BEC5F7100059FBC /* AppDelegate.h */ = {isa = PBXFileReference; lastKnownFileType = sourcecode.c.h; path = AppDelegate.h; sourceTree = "<group>"; };
		030E25DF1BEC5F7100059FBC /* AppDelegate.m */ = {isa = PBXFileReference; lastKnownFileType = sourcecode.c.objc; path = AppDelegate.m; sourceTree = "<group>"; };
		030E25E11BEC5F7100059FBC /* Assets.xcassets */ = {isa = PBXFileReference; lastKnownFileType = folder.assetcatalog; path = Assets.xcassets; sourceTree = "<group>"; };
		030E25E41BEC5F7100059FBC /* Base */ = {isa = PBXFileReference; lastKnownFileType = file.storyboard; name = Base; path = Base.lproj/LaunchScreen.storyboard; sourceTree = "<group>"; };
		030E25E61BEC5F7100059FBC /* Info.plist */ = {isa = PBXFileReference; lastKnownFileType = text.plist.xml; path = Info.plist; sourceTree = "<group>"; };
		030E25F21BEC609800059FBC /* ChatViewController.h */ = {isa = PBXFileReference; fileEncoding = 4; lastKnownFileType = sourcecode.c.h; path = ChatViewController.h; sourceTree = "<group>"; };
		030E25F31BEC609800059FBC /* ChatViewController.m */ = {isa = PBXFileReference; fileEncoding = 4; lastKnownFileType = sourcecode.c.objc; path = ChatViewController.m; sourceTree = "<group>"; };
		030E25F51BEC60BB00059FBC /* ChatTableView.h */ = {isa = PBXFileReference; fileEncoding = 4; lastKnownFileType = sourcecode.c.h; path = ChatTableView.h; sourceTree = "<group>"; };
		030E25F61BEC60BB00059FBC /* ChatTableView.m */ = {isa = PBXFileReference; fileEncoding = 4; lastKnownFileType = sourcecode.c.objc; path = ChatTableView.m; sourceTree = "<group>"; };
		030E25F81BEC669300059FBC /* CihiBottomView.h */ = {isa = PBXFileReference; fileEncoding = 4; lastKnownFileType = sourcecode.c.h; path = CihiBottomView.h; sourceTree = "<group>"; };
		030E25F91BEC669300059FBC /* CihiBottomView.m */ = {isa = PBXFileReference; fileEncoding = 4; lastKnownFileType = sourcecode.c.objc; path = CihiBottomView.m; sourceTree = "<group>"; };
		030E25FC1BEC699800059FBC /* chatimg.xcassets */ = {isa = PBXFileReference; lastKnownFileType = folder.assetcatalog; path = chatimg.xcassets; sourceTree = "<group>"; };
		0351F5651BECAD2900F7E968 /* CihiTextView.h */ = {isa = PBXFileReference; fileEncoding = 4; lastKnownFileType = sourcecode.c.h; path = CihiTextView.h; sourceTree = "<group>"; };
		0351F5661BECAD2900F7E968 /* CihiTextView.m */ = {isa = PBXFileReference; fileEncoding = 4; lastKnownFileType = sourcecode.c.objc; path = CihiTextView.m; sourceTree = "<group>"; };
/* End PBXFileReference section */

/* Begin PBXFrameworksBuildPhase section */
		030E25D51BEC5F7100059FBC /* Frameworks */ = {
			isa = PBXFrameworksBuildPhase;
			buildActionMask = 2147483647;
			files = (
			);
			runOnlyForDeploymentPostprocessing = 0;
		};
/* End PBXFrameworksBuildPhase section */

/* Begin PBXGroup section */
		030E25CF1BEC5F7100059FBC = {
			isa = PBXGroup;
			children = (
				030E25FC1BEC699800059FBC /* chatimg.xcassets */,
				030E25DA1BEC5F7100059FBC /* ChatTest */,
				030E25D91BEC5F7100059FBC /* Products */,
			);
			sourceTree = "<group>";
		};
		030E25D91BEC5F7100059FBC /* Products */ = {
			isa = PBXGroup;
			children = (
				030E25D81BEC5F7100059FBC /* ChatTest.app */,
			);
			name = Products;
			sourceTree = "<group>";
		};
		030E25DA1BEC5F7100059FBC /* ChatTest */ = {
			isa = PBXGroup;
			children = (
				030E25EC1BEC607E00059FBC /* chatutils */,
				030E25DE1BEC5F7100059FBC /* AppDelegate.h */,
				030E25DF1BEC5F7100059FBC /* AppDelegate.m */,
				030E25E11BEC5F7100059FBC /* Assets.xcassets */,
				030E25E31BEC5F7100059FBC /* LaunchScreen.storyboard */,
				030E25E61BEC5F7100059FBC /* Info.plist */,
				030E25DB1BEC5F7100059FBC /* Supporting Files */,
				030E25F21BEC609800059FBC /* ChatViewController.h */,
				030E25F31BEC609800059FBC /* ChatViewController.m */,
				030E25F51BEC60BB00059FBC /* ChatTableView.h */,
				030E25F61BEC60BB00059FBC /* ChatTableView.m */,
			);
			path = ChatTest;
			sourceTree = "<group>";
		};
		030E25DB1BEC5F7100059FBC /* Supporting Files */ = {
			isa = PBXGroup;
			children = (
				030E25DC1BEC5F7100059FBC /* main.m */,
			);
			name = "Supporting Files";
			sourceTree = "<group>";
		};
		030E25EC1BEC607E00059FBC /* chatutils */ = {
			isa = PBXGroup;
			children = (
				030E25ED1BEC607E00059FBC /* chatbean */,
				030E25EE1BEC607E00059FBC /* chatbottom */,
				030E25EF1BEC607E00059FBC /* chatcell */,
				030E25F11BEC607E00059FBC /* chattable */,
			);
			path = chatutils;
			sourceTree = "<group>";
		};
		030E25ED1BEC607E00059FBC /* chatbean */ = {
			isa = PBXGroup;
			children = (
			);
			path = chatbean;
			sourceTree = "<group>";
		};
		030E25EE1BEC607E00059FBC /* chatbottom */ = {
			isa = PBXGroup;
			children = (
				030E25F81BEC669300059FBC /* CihiBottomView.h */,
				030E25F91BEC669300059FBC /* CihiBottomView.m */,
				0351F5651BECAD2900F7E968 /* CihiTextView.h */,
				0351F5661BECAD2900F7E968 /* CihiTextView.m */,
			);
			path = chatbottom;
			sourceTree = "<group>";
		};
		030E25EF1BEC607E00059FBC /* chatcell */ = {
			isa = PBXGroup;
			children = (
			);
			path = chatcell;
			sourceTree = "<group>";
		};
		030E25F11BEC607E00059FBC /* chattable */ = {
			isa = PBXGroup;
			children = (
			);
			path = chattable;
			sourceTree = "<group>";
		};
/* End PBXGroup section */

/* Begin PBXNativeTarget section */
		030E25D71BEC5F7100059FBC /* ChatTest */ = {
			isa = PBXNativeTarget;
			buildConfigurationList = 030E25E91BEC5F7100059FBC /* Build configuration list for PBXNativeTarget "ChatTest" */;
			buildPhases = (
				030E25D41BEC5F7100059FBC /* Sources */,
				030E25D51BEC5F7100059FBC /* Frameworks */,
				030E25D61BEC5F7100059FBC /* Resources */,
			);
			buildRules = (
			);
			dependencies = (
			);
			name = ChatTest;
			productName = ChatTest;
			productReference = 030E25D81BEC5F7100059FBC /* ChatTest.app */;
			productType = "com.apple.product-type.application";
		};
/* End PBXNativeTarget section */

/* Begin PBXProject section */
		030E25D01BEC5F7100059FBC /* Project object */ = {
			isa = PBXProject;
			attributes = {
				LastUpgradeCheck = 0710;
				ORGANIZATIONNAME = null;
				TargetAttributes = {
					030E25D71BEC5F7100059FBC = {
						CreatedOnToolsVersion = 7.1;
					};
				};
			};
			buildConfigurationList = 030E25D31BEC5F7100059FBC /* Build configuration list for PBXProject "ChatTest" */;
			compatibilityVersion = "Xcode 3.2";
			developmentRegion = English;
			hasScannedForEncodings = 0;
			knownRegions = (
				en,
				Base,
			);
			mainGroup = 030E25CF1BEC5F7100059FBC;
			productRefGroup = 030E25D91BEC5F7100059FBC /* Products */;
			projectDirPath = "";
			projectRoot = "";
			targets = (
				030E25D71BEC5F7100059FBC /* ChatTest */,
			);
		};
/* End PBXProject section */

/* Begin PBXResourcesBuildPhase section */
		030E25D61BEC5F7100059FBC /* Resources */ = {
			isa = PBXResourcesBuildPhase;
			buildActionMask = 2147483647;
			files = (
				030E25E21BEC5F7100059FBC /* Assets.xcassets in Resources */,
				030E25E51BEC5F7100059FBC /* LaunchScreen.storyboard in Resources */,
				030E25FD1BEC699800059FBC /* chatimg.xcassets in Resources */,
			);
			runOnlyForDeploymentPostprocessing = 0;
		};
/* End PBXResourcesBuildPhase section */

/* Begin PBXSourcesBuildPhase section */
		030E25D41BEC5F7100059FBC /* Sources */ = {
			isa = PBXSourcesBuildPhase;
			buildActionMask = 2147483647;
			files = (
				030E25E01BEC5F7100059FBC /* AppDelegate.m in Sources */,
				030E25FA1BEC669300059FBC /* CihiBottomView.m in Sources */,
				0351F5671BECAD2900F7E968 /* CihiTextView.m in Sources */,
				030E25F71BEC60BB00059FBC /* ChatTableView.m in Sources */,
				030E25DD1BEC5F7100059FBC /* main.m in Sources */,
				030E25F41BEC609800059FBC /* ChatViewController.m in Sources */,
			);
			runOnlyForDeploymentPostprocessing = 0;
		};
/* End PBXSourcesBuildPhase section */

/* Begin PBXVariantGroup section */
		030E25E31BEC5F7100059FBC /* LaunchScreen.storyboard */ = {
			isa = PBXVariantGroup;
			children = (
				030E25E41BEC5F7100059FBC /* Base */,
			);
			name = LaunchScreen.storyboard;
			sourceTree = "<group>";
		};
/* End PBXVariantGroup section */

/* Begin XCBuildConfiguration section */
		030E25E71BEC5F7100059FBC /* Debug */ = {
			isa = XCBuildConfiguration;
			buildSettings = {
				ALWAYS_SEARCH_USER_PATHS = NO;
				CLANG_CXX_LANGUAGE_STANDARD = "gnu++0x";
				CLANG_CXX_LIBRARY = "libc++";
				CLANG_ENABLE_MODULES = YES;
				CLANG_ENABLE_OBJC_ARC = YES;
				CLANG_WARN_BOOL_CONVERSION = YES;
				CLANG_WARN_CONSTANT_CONVERSION = YES;
				CLANG_WARN_DIRECT_OBJC_ISA_USAGE = YES_ERROR;
				CLANG_WARN_EMPTY_BODY = YES;
				CLANG_WARN_ENUM_CONVERSION = YES;
				CLANG_WARN_INT_CONVERSION = YES;
				CLANG_WARN_OBJC_ROOT_CLASS = YES_ERROR;
				CLANG_WARN_UNREACHABLE_CODE = YES;
				CLANG_WARN__DUPLICATE_METHOD_MATCH = YES;
				"CODE_SIGN_IDENTITY[sdk=iphoneos*]" = "iPhone Developer";
				COPY_PHASE_STRIP = NO;
				DEBUG_INFORMATION_FORMAT = dwarf;
				ENABLE_STRICT_OBJC_MSGSEND = YES;
				ENABLE_TESTABILITY = YES;
				GCC_C_LANGUAGE_STANDARD = gnu99;
				GCC_DYNAMIC_NO_PIC = NO;
				GCC_NO_COMMON_BLOCKS = YES;
				GCC_OPTIMIZATION_LEVEL = 0;
				GCC_PREPROCESSOR_DEFINITIONS = (
					"DEBUG=1",
					"$(inherited)",
				);
				GCC_WARN_64_TO_32_BIT_CONVERSION = YES;
				GCC_WARN_ABOUT_RETURN_TYPE = YES_ERROR;
				GCC_WARN_UNDECLARED_SELECTOR = YES;
				GCC_WARN_UNINITIALIZED_AUTOS = YES_AGGRESSIVE;
				GCC_WARN_UNUSED_FUNCTION = YES;
				GCC_WARN_UNUSED_VARIABLE = YES;
				IPHONEOS_DEPLOYMENT_TARGET = 9.1;
				MTL_ENABLE_DEBUG_INFO = YES;
				ONLY_ACTIVE_ARCH = YES;
				SDKROOT = iphoneos;
			};
			name = Debug;
		};
		030E25E81BEC5F7100059FBC /* Release */ = {
			isa = XCBuildConfiguration;
			buildSettings = {
				ALWAYS_SEARCH_USER_PATHS = NO;
				CLANG_CXX_LANGUAGE_STANDARD = "gnu++0x";
				CLANG_CXX_LIBRARY = "libc++";
				CLANG_ENABLE_MODULES = YES;
				CLANG_ENABLE_OBJC_ARC = YES;
				CLANG_WARN_BOOL_CONVERSION = YES;
				CLANG_WARN_CONSTANT_CONVERSION = YES;
				CLANG_WARN_DIRECT_OBJC_ISA_USAGE = YES_ERROR;
				CLANG_WARN_EMPTY_BODY = YES;
				CLANG_WARN_ENUM_CONVERSION = YES;
				CLANG_WARN_INT_CONVERSION = YES;
				CLANG_WARN_OBJC_ROOT_CLASS = YES_ERROR;
				CLANG_WARN_UNREACHABLE_CODE = YES;
				CLANG_WARN__DUPLICATE_METHOD_MATCH = YES;
				"CODE_SIGN_IDENTITY[sdk=iphoneos*]" = "iPhone Developer";
				COPY_PHASE_STRIP = NO;
				DEBUG_INFORMATION_FORMAT = "dwarf-with-dsym";
				ENABLE_NS_ASSERTIONS = NO;
				ENABLE_STRICT_OBJC_MSGSEND = YES;
				GCC_C_LANGUAGE_STANDARD = gnu99;
				GCC_NO_COMMON_BLOCKS = YES;
				GCC_WARN_64_TO_32_BIT_CONVERSION = YES;
				GCC_WARN_ABOUT_RETURN_TYPE = YES_ERROR;
				GCC_WARN_UNDECLARED_SELECTOR = YES;
				GCC_WARN_UNINITIALIZED_AUTOS = YES_AGGRESSIVE;
				GCC_WARN_UNUSED_FUNCTION = YES;
				GCC_WARN_UNUSED_VARIABLE = YES;
				IPHONEOS_DEPLOYMENT_TARGET = 9.1;
				MTL_ENABLE_DEBUG_INFO = NO;
				SDKROOT = iphoneos;
				VALIDATE_PRODUCT = YES;
			};
			name = Release;
		};
		030E25EA1BEC5F7100059FBC /* Debug */ = {
			isa = XCBuildConfiguration;
			buildSettings = {
				ASSETCATALOG_COMPILER_APPICON_NAME = AppIcon;
				INFOPLIST_FILE = ChatTest/Info.plist;
				LD_RUNPATH_SEARCH_PATHS = "$(inherited) @executable_path/Frameworks";
				PRODUCT_BUNDLE_IDENTIFIER = com.nullblock.ChatTest;
				PRODUCT_NAME = "$(TARGET_NAME)";
			};
			name = Debug;
		};
		030E25EB1BEC5F7100059FBC /* Release */ = {
			isa = XCBuildConfiguration;
			buildSettings = {
				ASSETCATALOG_COMPILER_APPICON_NAME = AppIcon;
				INFOPLIST_FILE = ChatTest/Info.plist;
				LD_RUNPATH_SEARCH_PATHS = "$(inherited) @executable_path/Frameworks";
				PRODUCT_BUNDLE_IDENTIFIER = com.nullblock.ChatTest;
				PRODUCT_NAME = "$(TARGET_NAME)";
			};
			name = Release;
		};
/* End XCBuildConfiguration section */

/* Begin XCConfigurationList section */
		030E25D31BEC5F7100059FBC /* Build configuration list for PBXProject "ChatTest" */ = {
			isa = XCConfigurationList;
			buildConfigurations = (
				030E25E71BEC5F7100059FBC /* Debug */,
				030E25E81BEC5F7100059FBC /* Release */,
			);
			defaultConfigurationIsVisible = 0;
			defaultConfigurationName = Release;
		};
		030E25E91BEC5F7100059FBC /* Build configuration list for PBXNativeTarget "ChatTest" */ = {
			isa = XCConfigurationList;
			buildConfigurations = (
				030E25EA1BEC5F7100059FBC /* Debug */,
				030E25EB1BEC5F7100059FBC /* Release */,
			);
			defaultConfigurationIsVisible = 0;
			defaultConfigurationName = Release;
		};
/* End XCConfigurationList section */
	};
	rootObject = 030E25D01BEC5F7100059FBC /* Project object */;
}
